// !$*UTF8*$!
{
	archiveVersion = 1;
	classes = {
	};
	objectVersion = 56;
	objects = {

/* Begin PBXBuildFile section */
		D5A23D1A294B531400982F81 /* AppDelegate.swift in Sources */ = {isa = PBXBuildFile; fileRef = D5A23D19294B531400982F81 /* AppDelegate.swift */; };
		D5A23D1C294B531400982F81 /* SceneDelegate.swift in Sources */ = {isa = PBXBuildFile; fileRef = D5A23D1B294B531400982F81 /* SceneDelegate.swift */; };
		D5A23D1E294B531400982F81 /* MainViewController.swift in Sources */ = {isa = PBXBuildFile; fileRef = D5A23D1D294B531400982F81 /* MainViewController.swift */; };
		D5A23D23294B531500982F81 /* Assets.xcassets in Resources */ = {isa = PBXBuildFile; fileRef = D5A23D22294B531500982F81 /* Assets.xcassets */; };
		D5A23D26294B531500982F81 /* LaunchScreen.storyboard in Resources */ = {isa = PBXBuildFile; fileRef = D5A23D24294B531500982F81 /* LaunchScreen.storyboard */; };
		D5A23D30294B54B100982F81 /* MainView.swift in Sources */ = {isa = PBXBuildFile; fileRef = D5A23D2F294B54B100982F81 /* MainView.swift */; };
		D5A23D32294B54C200982F81 /* CategoryButton.swift in Sources */ = {isa = PBXBuildFile; fileRef = D5A23D31294B54C200982F81 /* CategoryButton.swift */; };
		D5A23D34294D3FEB00982F81 /* ProceedView.swift in Sources */ = {isa = PBXBuildFile; fileRef = D5A23D33294D3FEB00982F81 /* ProceedView.swift */; };
		D5A23D37294D51A000982F81 /* Colors.swift in Sources */ = {isa = PBXBuildFile; fileRef = D5A23D36294D51A000982F81 /* Colors.swift */; };
/* End PBXBuildFile section */

/* Begin PBXFileReference section */
		D5A23D16294B531400982F81 /* InterestingCategories.app */ = {isa = PBXFileReference; explicitFileType = wrapper.application; includeInIndex = 0; path = InterestingCategories.app; sourceTree = BUILT_PRODUCTS_DIR; };
		D5A23D19294B531400982F81 /* AppDelegate.swift */ = {isa = PBXFileReference; lastKnownFileType = sourcecode.swift; path = AppDelegate.swift; sourceTree = "<group>"; };
		D5A23D1B294B531400982F81 /* SceneDelegate.swift */ = {isa = PBXFileReference; lastKnownFileType = sourcecode.swift; path = SceneDelegate.swift; sourceTree = "<group>"; };
		D5A23D1D294B531400982F81 /* MainViewController.swift */ = {isa = PBXFileReference; lastKnownFileType = sourcecode.swift; path = MainViewController.swift; sourceTree = "<group>"; };
		D5A23D22294B531500982F81 /* Assets.xcassets */ = {isa = PBXFileReference; lastKnownFileType = folder.assetcatalog; path = Assets.xcassets; sourceTree = "<group>"; };
		D5A23D25294B531500982F81 /* Base */ = {isa = PBXFileReference; lastKnownFileType = file.storyboard; name = Base; path = Base.lproj/LaunchScreen.storyboard; sourceTree = "<group>"; };
		D5A23D27294B531500982F81 /* Info.plist */ = {isa = PBXFileReference; lastKnownFileType = text.plist.xml; path = Info.plist; sourceTree = "<group>"; };
		D5A23D2F294B54B100982F81 /* MainView.swift */ = {isa = PBXFileReference; lastKnownFileType = sourcecode.swift; path = MainView.swift; sourceTree = "<group>"; };
		D5A23D31294B54C200982F81 /* CategoryButton.swift */ = {isa = PBXFileReference; lastKnownFileType = sourcecode.swift; path = CategoryButton.swift; sourceTree = "<group>"; };
		D5A23D33294D3FEB00982F81 /* ProceedView.swift */ = {isa = PBXFileReference; lastKnownFileType = sourcecode.swift; path = ProceedView.swift; sourceTree = "<group>"; };
		D5A23D36294D51A000982F81 /* Colors.swift */ = {isa = PBXFileReference; lastKnownFileType = sourcecode.swift; path = Colors.swift; sourceTree = "<group>"; };
/* End PBXFileReference section */

/* Begin PBXFrameworksBuildPhase section */
		D5A23D13294B531400982F81 /* Frameworks */ = {
			isa = PBXFrameworksBuildPhase;
			buildActionMask = 2147483647;
			files = (
			);
			runOnlyForDeploymentPostprocessing = 0;
		};
/* End PBXFrameworksBuildPhase section */

/* Begin PBXGroup section */
		D5A23D0D294B531400982F81 = {
			isa = PBXGroup;
			children = (
				D5A23D18294B531400982F81 /* InterestingCategories */,
				D5A23D17294B531400982F81 /* Products */,
			);
			sourceTree = "<group>";
		};
		D5A23D17294B531400982F81 /* Products */ = {
			isa = PBXGroup;
			children = (
				D5A23D16294B531400982F81 /* InterestingCategories.app */,
			);
			name = Products;
			sourceTree = "<group>";
		};
		D5A23D18294B531400982F81 /* InterestingCategories */ = {
			isa = PBXGroup;
			children = (
				D5A23D35294D517C00982F81 /* Helpers */,
				D5A23D2E294B548800982F81 /* ViewController */,
				D5A23D2D294B547300982F81 /* View */,
				D5A23D19294B531400982F81 /* AppDelegate.swift */,
				D5A23D1B294B531400982F81 /* SceneDelegate.swift */,
				D5A23D22294B531500982F81 /* Assets.xcassets */,
				D5A23D24294B531500982F81 /* LaunchScreen.storyboard */,
				D5A23D27294B531500982F81 /* Info.plist */,
			);
			path = InterestingCategories;
			sourceTree = "<group>";
		};
		D5A23D2D294B547300982F81 /* View */ = {
			isa = PBXGroup;
			children = (
				D5A23D2F294B54B100982F81 /* MainView.swift */,
				D5A23D31294B54C200982F81 /* CategoryButton.swift */,
				D5A23D33294D3FEB00982F81 /* ProceedView.swift */,
			);
			path = View;
			sourceTree = "<group>";
		};
		D5A23D2E294B548800982F81 /* ViewController */ = {
			isa = PBXGroup;
			children = (
				D5A23D1D294B531400982F81 /* MainViewController.swift */,
			);
			path = ViewController;
			sourceTree = "<group>";
		};
		D5A23D35294D517C00982F81 /* Helpers */ = {
			isa = PBXGroup;
			children = (
				D5A23D36294D51A000982F81 /* Colors.swift */,
			);
			path = Helpers;
			sourceTree = "<group>";
		};
/* End PBXGroup section */

/* Begin PBXNativeTarget section */
		D5A23D15294B531400982F81 /* InterestingCategories */ = {
			isa = PBXNativeTarget;
			buildConfigurationList = D5A23D2A294B531500982F81 /* Build configuration list for PBXNativeTarget "InterestingCategories" */;
			buildPhases = (
				D5A23D12294B531400982F81 /* Sources */,
				D5A23D13294B531400982F81 /* Frameworks */,
				D5A23D14294B531400982F81 /* Resources */,
			);
			buildRules = (
			);
			dependencies = (
			);
			name = InterestingCategories;
			productName = InterestingCategories;
			productReference = D5A23D16294B531400982F81 /* InterestingCategories.app */;
			productType = "com.apple.product-type.application";
		};
/* End PBXNativeTarget section */

/* Begin PBXProject section */
		D5A23D0E294B531400982F81 /* Project object */ = {
			isa = PBXProject;
			attributes = {
				BuildIndependentTargetsInParallel = 1;
				LastSwiftUpdateCheck = 1410;
				LastUpgradeCheck = 1410;
				TargetAttributes = {
					D5A23D15294B531400982F81 = {
						CreatedOnToolsVersion = 14.1;
					};
				};
			};
			buildConfigurationList = D5A23D11294B531400982F81 /* Build configuration list for PBXProject "InterestingCategories" */;
			compatibilityVersion = "Xcode 14.0";
			developmentRegion = en;
			hasScannedForEncodings = 0;
			knownRegions = (
				en,
				Base,
			);
			mainGroup = D5A23D0D294B531400982F81;
			productRefGroup = D5A23D17294B531400982F81 /* Products */;
			projectDirPath = "";
			projectRoot = "";
			targets = (
				D5A23D15294B531400982F81 /* InterestingCategories */,
			);
		};
/* End PBXProject section */

/* Begin PBXResourcesBuildPhase section */
		D5A23D14294B531400982F81 /* Resources */ = {
			isa = PBXResourcesBuildPhase;
			buildActionMask = 2147483647;
			files = (
				D5A23D26294B531500982F81 /* LaunchScreen.storyboard in Resources */,
				D5A23D23294B531500982F81 /* Assets.xcassets in Resources */,
			);
			runOnlyForDeploymentPostprocessing = 0;
		};
/* End PBXResourcesBuildPhase section */

/* Begin PBXSourcesBuildPhase section */
		D5A23D12294B531400982F81 /* Sources */ = {
			isa = PBXSourcesBuildPhase;
			buildActionMask = 2147483647;
			files = (
				D5A23D1E294B531400982F81 /* MainViewController.swift in Sources */,
				D5A23D30294B54B100982F81 /* MainView.swift in Sources */,
				D5A23D32294B54C200982F81 /* CategoryButton.swift in Sources */,
				D5A23D37294D51A000982F81 /* Colors.swift in Sources */,
				D5A23D1A294B531400982F81 /* AppDelegate.swift in Sources */,
				D5A23D1C294B531400982F81 /* SceneDelegate.swift in Sources */,
				D5A23D34294D3FEB00982F81 /* ProceedView.swift in Sources */,
			);
			runOnlyForDeploymentPostprocessing = 0;
		};
/* End PBXSourcesBuildPhase section */

/* Begin PBXVariantGroup section */
		D5A23D24294B531500982F81 /* LaunchScreen.storyboard */ = {
			isa = PBXVariantGroup;
			children = (
				D5A23D25294B531500982F81 /* Base */,
			);
			name = LaunchScreen.storyboard;
			sourceTree = "<group>";
		};
/* End PBXVariantGroup section */

/* Begin XCBuildConfiguration section */
		D5A23D28294B531500982F81 /* Debug */ = {
			isa = XCBuildConfiguration;
			buildSettings = {
				ALWAYS_SEARCH_USER_PATHS = NO;
				CLANG_ANALYZER_NONNULL = YES;
				CLANG_ANALYZER_NUMBER_OBJECT_CONVERSION = YES_AGGRESSIVE;
				CLANG_CXX_LANGUAGE_STANDARD = "gnu++20";
				CLANG_ENABLE_MODULES = YES;
				CLANG_ENABLE_OBJC_ARC = YES;
				CLANG_ENABLE_OBJC_WEAK = YES;
				CLANG_WARN_BLOCK_CAPTURE_AUTORELEASING = YES;
				CLANG_WARN_BOOL_CONVERSION = YES;
				CLANG_WARN_COMMA = YES;
				CLANG_WARN_CONSTANT_CONVERSION = YES;
				CLANG_WARN_DEPRECATED_OBJC_IMPLEMENTATIONS = YES;
				CLANG_WARN_DIRECT_OBJC_ISA_USAGE = YES_ERROR;
				CLANG_WARN_DOCUMENTATION_COMMENTS = YES;
				CLANG_WARN_EMPTY_BODY = YES;
				CLANG_WARN_ENUM_CONVERSION = YES;
				CLANG_WARN_INFINITE_RECURSION = YES;
				CLANG_WARN_INT_CONVERSION = YES;
				CLANG_WARN_NON_LITERAL_NULL_CONVERSION = YES;
				CLANG_WARN_OBJC_IMPLICIT_RETAIN_SELF = YES;
				CLANG_WARN_OBJC_LITERAL_CONVERSION = YES;
				CLANG_WARN_OBJC_ROOT_CLASS = YES_ERROR;
				CLANG_WARN_QUOTED_INCLUDE_IN_FRAMEWORK_HEADER = YES;
				CLANG_WARN_RANGE_LOOP_ANALYSIS = YES;
				CLANG_WARN_STRICT_PROTOTYPES = YES;
				CLANG_WARN_SUSPICIOUS_MOVE = YES;
				CLANG_WARN_UNGUARDED_AVAILABILITY = YES_AGGRESSIVE;
				CLANG_WARN_UNREACHABLE_CODE = YES;
				CLANG_WARN__DUPLICATE_METHOD_MATCH = YES;
				COPY_PHASE_STRIP = NO;
				DEBUG_INFORMATION_FORMAT = dwarf;
				ENABLE_STRICT_OBJC_MSGSEND = YES;
				ENABLE_TESTABILITY = YES;
				GCC_C_LANGUAGE_STANDARD = gnu11;
				GCC_DYNAMIC_NO_PIC = NO;
				GCC_NO_COMMON_BLOCKS = YES;
				GCC_OPTIMIZATION_LEVEL = 0;
				GCC_PREPROCESSOR_DEFINITIONS = (
					"DEBUG=1",
					"$(inherited)",
				);
				GCC_WARN_64_TO_32_BIT_CONVERSION = YES;
				GCC_WARN_ABOUT_RETURN_TYPE = YES_ERROR;
				GCC_WARN_UNDECLARED_SELECTOR = YES;
				GCC_WARN_UNINITIALIZED_AUTOS = YES_AGGRESSIVE;
				GCC_WARN_UNUSED_FUNCTION = YES;
				GCC_WARN_UNUSED_VARIABLE = YES;
				IPHONEOS_DEPLOYMENT_TARGET = 16.1;
				MTL_ENABLE_DEBUG_INFO = INCLUDE_SOURCE;
				MTL_FAST_MATH = YES;
				ONLY_ACTIVE_ARCH = YES;
				SDKROOT = iphoneos;
				SWIFT_ACTIVE_COMPILATION_CONDITIONS = DEBUG;
				SWIFT_OPTIMIZATION_LEVEL = "-Onone";
			};
			name = Debug;
		};
		D5A23D29294B531500982F81 /* Release */ = {
			isa = XCBuildConfiguration;
			buildSettings = {
				ALWAYS_SEARCH_USER_PATHS = NO;
				CLANG_ANALYZER_NONNULL = YES;
				CLANG_ANALYZER_NUMBER_OBJECT_CONVERSION = YES_AGGRESSIVE;
				CLANG_CXX_LANGUAGE_STANDARD = "gnu++20";
				CLANG_ENABLE_MODULES = YES;
				CLANG_ENABLE_OBJC_ARC = YES;
				CLANG_ENABLE_OBJC_WEAK = YES;
				CLANG_WARN_BLOCK_CAPTURE_AUTORELEASING = YES;
				CLANG_WARN_BOOL_CONVERSION = YES;
				CLANG_WARN_COMMA = YES;
				CLANG_WARN_CONSTANT_CONVERSION = YES;
				CLANG_WARN_DEPRECATED_OBJC_IMPLEMENTATIONS = YES;
				CLANG_WARN_DIRECT_OBJC_ISA_USAGE = YES_ERROR;
				CLANG_WARN_DOCUMENTATION_COMMENTS = YES;
				CLANG_WARN_EMPTY_BODY = YES;
				CLANG_WARN_ENUM_CONVERSION = YES;
				CLANG_WARN_INFINITE_RECURSION = YES;
				CLANG_WARN_INT_CONVERSION = YES;
				CLANG_WARN_NON_LITERAL_NULL_CONVERSION = YES;
				CLANG_WARN_OBJC_IMPLICIT_RETAIN_SELF = YES;
				CLANG_WARN_OBJC_LITERAL_CONVERSION = YES;
				CLANG_WARN_OBJC_ROOT_CLASS = YES_ERROR;
				CLANG_WARN_QUOTED_INCLUDE_IN_FRAMEWORK_HEADER = YES;
				CLANG_WARN_RANGE_LOOP_ANALYSIS = YES;
				CLANG_WARN_STRICT_PROTOTYPES = YES;
				CLANG_WARN_SUSPICIOUS_MOVE = YES;
				CLANG_WARN_UNGUARDED_AVAILABILITY = YES_AGGRESSIVE;
				CLANG_WARN_UNREACHABLE_CODE = YES;
				CLANG_WARN__DUPLICATE_METHOD_MATCH = YES;
				COPY_PHASE_STRIP = NO;
				DEBUG_INFORMATION_FORMAT = "dwarf-with-dsym";
				ENABLE_NS_ASSERTIONS = NO;
				ENABLE_STRICT_OBJC_MSGSEND = YES;
				GCC_C_LANGUAGE_STANDARD = gnu11;
				GCC_NO_COMMON_BLOCKS = YES;
				GCC_WARN_64_TO_32_BIT_CONVERSION = YES;
				GCC_WARN_ABOUT_RETURN_TYPE = YES_ERROR;
				GCC_WARN_UNDECLARED_SELECTOR = YES;
				GCC_WARN_UNINITIALIZED_AUTOS = YES_AGGRESSIVE;
				GCC_WARN_UNUSED_FUNCTION = YES;
				GCC_WARN_UNUSED_VARIABLE = YES;
				IPHONEOS_DEPLOYMENT_TARGET = 16.1;
				MTL_ENABLE_DEBUG_INFO = NO;
				MTL_FAST_MATH = YES;
				SDKROOT = iphoneos;
				SWIFT_COMPILATION_MODE = wholemodule;
				SWIFT_OPTIMIZATION_LEVEL = "-O";
				VALIDATE_PRODUCT = YES;
			};
			name = Release;
		};
		D5A23D2B294B531500982F81 /* Debug */ = {
			isa = XCBuildConfiguration;
			buildSettings = {
				ASSETCATALOG_COMPILER_APPICON_NAME = AppIcon;
				ASSETCATALOG_COMPILER_GLOBAL_ACCENT_COLOR_NAME = AccentColor;
				CODE_SIGN_STYLE = Automatic;
				CURRENT_PROJECT_VERSION = 1;
				DEVELOPMENT_TEAM = NZN76NS3BX;
				GENERATE_INFOPLIST_FILE = YES;
				INFOPLIST_FILE = InterestingCategories/Info.plist;
				INFOPLIST_KEY_UIApplicationSupportsIndirectInputEvents = YES;
				INFOPLIST_KEY_UILaunchStoryboardName = LaunchScreen;
				INFOPLIST_KEY_UIMainStoryboardFile = "";
				INFOPLIST_KEY_UISupportedInterfaceOrientations_iPad = "UIInterfaceOrientationPortrait UIInterfaceOrientationPortraitUpsideDown UIInterfaceOrientationLandscapeLeft UIInterfaceOrientationLandscapeRight";
				INFOPLIST_KEY_UISupportedInterfaceOrientations_iPhone = "UIInterfaceOrientationPortrait UIInterfaceOrientationLandscapeLeft UIInterfaceOrientationLandscapeRight";
				LD_RUNPATH_SEARCH_PATHS = (
					"$(inherited)",
					"@executable_path/Frameworks",
				);
				MARKETING_VERSION = 1.0;
				PRODUCT_BUNDLE_IDENTIFIER = vv.InterestingCategories;
				PRODUCT_NAME = "$(TARGET_NAME)";
				SWIFT_EMIT_LOC_STRINGS = YES;
				SWIFT_VERSION = 5.0;
				TARGETED_DEVICE_FAMILY = "1,2";
			};
			name = Debug;
		};
		D5A23D2C294B531500982F81 /* Release */ = {
			isa = XCBuildConfiguration;
			buildSettings = {
				ASSETCATALOG_COMPILER_APPICON_NAME = AppIcon;
				ASSETCATALOG_COMPILER_GLOBAL_ACCENT_COLOR_NAME = AccentColor;
				CODE_SIGN_STYLE = Automatic;
				CURRENT_PROJECT_VERSION = 1;
				DEVELOPMENT_TEAM = NZN76NS3BX;
				GENERATE_INFOPLIST_FILE = YES;
				INFOPLIST_FILE = InterestingCategories/Info.plist;
				INFOPLIST_KEY_UIApplicationSupportsIndirectInputEvents = YES;
				INFOPLIST_KEY_UILaunchStoryboardName = LaunchScreen;
				INFOPLIST_KEY_UIMainStoryboardFile = "";
				INFOPLIST_KEY_UISupportedInterfaceOrientations_iPad = "UIInterfaceOrientationPortrait UIInterfaceOrientationPortraitUpsideDown UIInterfaceOrientationLandscapeLeft UIInterfaceOrientationLandscapeRight";
				INFOPLIST_KEY_UISupportedInterfaceOrientations_iPhone = "UIInterfaceOrientationPortrait UIInterfaceOrientationLandscapeLeft UIInterfaceOrientationLandscapeRight";
				LD_RUNPATH_SEARCH_PATHS = (
					"$(inherited)",
					"@executable_path/Frameworks",
				);
				MARKETING_VERSION = 1.0;
				PRODUCT_BUNDLE_IDENTIFIER = vv.InterestingCategories;
				PRODUCT_NAME = "$(TARGET_NAME)";
				SWIFT_EMIT_LOC_STRINGS = YES;
				SWIFT_VERSION = 5.0;
				TARGETED_DEVICE_FAMILY = "1,2";
			};
			name = Release;
		};
/* End XCBuildConfiguration section */

/* Begin XCConfigurationList section */
		D5A23D11294B531400982F81 /* Build configuration list for PBXProject "InterestingCategories" */ = {
			isa = XCConfigurationList;
			buildConfigurations = (
				D5A23D28294B531500982F81 /* Debug */,
				D5A23D29294B531500982F81 /* Release */,
			);
			defaultConfigurationIsVisible = 0;
			defaultConfigurationName = Release;
		};
		D5A23D2A294B531500982F81 /* Build configuration list for PBXNativeTarget "InterestingCategories" */ = {
			isa = XCConfigurationList;
			buildConfigurations = (
				D5A23D2B294B531500982F81 /* Debug */,
				D5A23D2C294B531500982F81 /* Release */,
			);
			defaultConfigurationIsVisible = 0;
			defaultConfigurationName = Release;
		};
/* End XCConfigurationList section */
	};
	rootObject = D5A23D0E294B531400982F81 /* Project object */;
}
